
Microsoft Visual Studio Solution File, Format Version 12.00
# Visual Studio Version 16
VisualStudioVersion = 16.0.30907.101
MinimumVisualStudioVersion = 10.0.40219.1
Project("{FAE04EC0-301F-11D3-BF4B-00C04F79EFBC}") = "CSharp_Camp_Intro", "CSharp_Camp_Intro\CSharp_Camp_Intro.csproj", "{A4FBA830-ADD1-41DC-9128-7ADD6E3D1A85}"
EndProject
Project("{FAE04EC0-301F-11D3-BF4B-00C04F79EFBC}") = "Class_Intro", "Class_Intro\Class_Intro.csproj", "{9D07A351-A8BD-4CC1-B621-C2C50493E57A}"
EndProject
Project("{FAE04EC0-301F-11D3-BF4B-00C04F79EFBC}") = "Class_Homework", "Class_Homework\Class_Homework.csproj", "{297F35F4-76E4-4DEE-B4F8-C3FA3759B508}"
EndProject
Project("{FAE04EC0-301F-11D3-BF4B-00C04F79EFBC}") = "For_Loop", "For_Loop\For_Loop.csproj", "{75C97FC2-2399-4DF2-890A-E7FC585589F5}"
EndProject
Project("{FAE04EC0-301F-11D3-BF4B-00C04F79EFBC}") = "While_Loop_Homework", "While_Loop_Homework\While_Loop_Homework.csproj", "{26B14A78-71AA-4A42-A107-1101BFEAEDC1}"
EndProject
Project("{FAE04EC0-301F-11D3-BF4B-00C04F79EFBC}") = "Ternary_Operator_Homework", "Ternary_Operator_Homework\Ternary_Operator_Homework.csproj", "{091F0E3A-5864-4805-B4D0-FA53AD9034BD}"
EndProject
Project("{FAE04EC0-301F-11D3-BF4B-00C04F79EFBC}") = "Switch_Case_Homework", "Switch_Case_Homework\Switch_Case_Homework.csproj", "{B180CFFD-15DE-43FA-A908-AA337C8CEF6E}"
EndProject
Project("{FAE04EC0-301F-11D3-BF4B-00C04F79EFBC}") = "Methods", "Methods\Methods.csproj", "{225F0271-31D2-46EE-A0E5-559D0DBF01FD}"
EndProject
Global
	GlobalSection(SolutionConfigurationPlatforms) = preSolution
		Debug|Any CPU = Debug|Any CPU
		Release|Any CPU = Release|Any CPU
	EndGlobalSection
	GlobalSection(ProjectConfigurationPlatforms) = postSolution
		{A4FBA830-ADD1-41DC-9128-7ADD6E3D1A85}.Debug|Any CPU.ActiveCfg = Debug|Any CPU
		{A4FBA830-ADD1-41DC-9128-7ADD6E3D1A85}.Debug|Any CPU.Build.0 = Debug|Any CPU
		{A4FBA830-ADD1-41DC-9128-7ADD6E3D1A85}.Release|Any CPU.ActiveCfg = Release|Any CPU
		{A4FBA830-ADD1-41DC-9128-7ADD6E3D1A85}.Release|Any CPU.Build.0 = Release|Any CPU
		{9D07A351-A8BD-4CC1-B621-C2C50493E57A}.Debug|Any CPU.ActiveCfg = Debug|Any CPU
		{9D07A351-A8BD-4CC1-B621-C2C50493E57A}.Debug|Any CPU.Build.0 = Debug|Any CPU
		{9D07A351-A8BD-4CC1-B621-C2C50493E57A}.Release|Any CPU.ActiveCfg = Release|Any CPU
		{9D07A351-A8BD-4CC1-B621-C2C50493E57A}.Release|Any CPU.Build.0 = Release|Any CPU
		{297F35F4-76E4-4DEE-B4F8-C3FA3759B508}.Debug|Any CPU.ActiveCfg = Debug|Any CPU
		{297F35F4-76E4-4DEE-B4F8-C3FA3759B508}.Debug|Any CPU.Build.0 = Debug|Any CPU
		{297F35F4-76E4-4DEE-B4F8-C3FA3759B508}.Release|Any CPU.ActiveCfg = Release|Any CPU
		{297F35F4-76E4-4DEE-B4F8-C3FA3759B508}.Release|Any CPU.Build.0 = Release|Any CPU
		{75C97FC2-2399-4DF2-890A-E7FC585589F5}.Debug|Any CPU.ActiveCfg = Debug|Any CPU
		{75C97FC2-2399-4DF2-890A-E7FC585589F5}.Debug|Any CPU.Build.0 = Debug|Any CPU
		{75C97FC2-2399-4DF2-890A-E7FC585589F5}.Release|Any CPU.ActiveCfg = Release|Any CPU
		{75C97FC2-2399-4DF2-890A-E7FC585589F5}.Release|Any CPU.Build.0 = Release|Any CPU
		{26B14A78-71AA-4A42-A107-1101BFEAEDC1}.Debug|Any CPU.ActiveCfg = Debug|Any CPU
		{26B14A78-71AA-4A42-A107-1101BFEAEDC1}.Debug|Any CPU.Build.0 = Debug|Any CPU
		{26B14A78-71AA-4A42-A107-1101BFEAEDC1}.Release|Any CPU.ActiveCfg = Release|Any CPU
		{26B14A78-71AA-4A42-A107-1101BFEAEDC1}.Release|Any CPU.Build.0 = Release|Any CPU
		{091F0E3A-5864-4805-B4D0-FA53AD9034BD}.Debug|Any CPU.ActiveCfg = Debug|Any CPU
		{091F0E3A-5864-4805-B4D0-FA53AD9034BD}.Debug|Any CPU.Build.0 = Debug|Any CPU
		{091F0E3A-5864-4805-B4D0-FA53AD9034BD}.Release|Any CPU.ActiveCfg = Release|Any CPU
		{091F0E3A-5864-4805-B4D0-FA53AD9034BD}.Release|Any CPU.Build.0 = Release|Any CPU
		{B180CFFD-15DE-43FA-A908-AA337C8CEF6E}.Debug|Any CPU.ActiveCfg = Debug|Any CPU
		{B180CFFD-15DE-43FA-A908-AA337C8CEF6E}.Debug|Any CPU.Build.0 = Debug|Any CPU
		{B180CFFD-15DE-43FA-A908-AA337C8CEF6E}.Release|Any CPU.ActiveCfg = Release|Any CPU
		{B180CFFD-15DE-43FA-A908-AA337C8CEF6E}.Release|Any CPU.Build.0 = Release|Any CPU
		{225F0271-31D2-46EE-A0E5-559D0DBF01FD}.Debug|Any CPU.ActiveCfg = Debug|Any CPU
		{225F0271-31D2-46EE-A0E5-559D0DBF01FD}.Debug|Any CPU.Build.0 = Debug|Any CPU
		{225F0271-31D2-46EE-A0E5-559D0DBF01FD}.Release|Any CPU.ActiveCfg = Release|Any CPU
		{225F0271-31D2-46EE-A0E5-559D0DBF01FD}.Release|Any CPU.Build.0 = Release|Any CPU
	EndGlobalSection
	GlobalSection(SolutionProperties) = preSolution
		HideSolutionNode = FALSE
	EndGlobalSection
	GlobalSection(ExtensibilityGlobals) = postSolution
		SolutionGuid = {03160670-7C5E-42D5-8DA3-408380A6DB25}
	EndGlobalSection
EndGlobal
